
Microsoft Visual Studio Solution File, Format Version 12.00
# Visual Studio Version 16
VisualStudioVersion = 16.0.29911.84
MinimumVisualStudioVersion = 10.0.40219.1
Project("{FAE04EC0-301F-11D3-BF4B-00C04F79EFBC}") = "LinQLambda", "LinQLambda\LinQLambda.csproj", "{0601B812-45DE-431C-B3A7-86C0318FD664}"
EndProject
Global
	GlobalSection(SolutionConfigurationPlatforms) = preSolution
		Debug|Any CPU = Debug|Any CPU
		Release|Any CPU = Release|Any CPU
	EndGlobalSection
	GlobalSection(ProjectConfigurationPlatforms) = postSolution
		{0601B812-45DE-431C-B3A7-86C0318FD664}.Debug|Any CPU.ActiveCfg = Debug|Any CPU
		{0601B812-45DE-431C-B3A7-86C0318FD664}.Debug|Any CPU.Build.0 = Debug|Any CPU
		{0601B812-45DE-431C-B3A7-86C0318FD664}.Release|Any CPU.ActiveCfg = Release|Any CPU
		{0601B812-45DE-431C-B3A7-86C0318FD664}.Release|Any CPU.Build.0 = Release|Any CPU
	EndGlobalSection
	GlobalSection(SolutionProperties) = preSolution
		HideSolutionNode = FALSE
	EndGlobalSection
	GlobalSection(ExtensibilityGlobals) = postSolution
		SolutionGuid = {5C454C17-9DED-4017-B980-5D37AC5CE15D}
	EndGlobalSection
EndGlobal
